
Microsoft Visual Studio Solution File, Format Version 12.00
# Visual Studio 15
VisualStudioVersion = 15.0.28307.645
MinimumVisualStudioVersion = 10.0.40219.1
Project("{FAE04EC0-301F-11D3-BF4B-00C04F79EFBC}") = "KansasCity311", "KansasCity311\KansasCity311.csproj", "{C1092FD0-9C28-42B6-A510-E7D5261059B0}"
EndProject
Global
	GlobalSection(SolutionConfigurationPlatforms) = preSolution
		Debug|Any CPU = Debug|Any CPU
		Release|Any CPU = Release|Any CPU
	EndGlobalSection
	GlobalSection(ProjectConfigurationPlatforms) = postSolution
		{C1092FD0-9C28-42B6-A510-E7D5261059B0}.Debug|Any CPU.ActiveCfg = Debug|Any CPU
		{C1092FD0-9C28-42B6-A510-E7D5261059B0}.Debug|Any CPU.Build.0 = Debug|Any CPU
		{C1092FD0-9C28-42B6-A510-E7D5261059B0}.Release|Any CPU.ActiveCfg = Release|Any CPU
		{C1092FD0-9C28-42B6-A510-E7D5261059B0}.Release|Any CPU.Build.0 = Release|Any CPU
	EndGlobalSection
	GlobalSection(SolutionProperties) = preSolution
		HideSolutionNode = FALSE
	EndGlobalSection
	GlobalSection(ExtensibilityGlobals) = postSolution
		SolutionGuid = {CD1E7A6F-D75B-4C87-A9B9-0A681AB9E4E3}
	EndGlobalSection
EndGlobal
